// !$*UTF8*$!
{
	archiveVersion = 1;
	classes = {
	};
	objectVersion = 50;
	objects = {

/* Begin PBXBuildFile section */
		1B4BA4E824BA30B100E99239 /* AppDelegate.swift in Sources */ = {isa = PBXBuildFile; fileRef = 1B4BA4E724BA30B100E99239 /* AppDelegate.swift */; };
		1B4BA4EA24BA30B100E99239 /* SceneDelegate.swift in Sources */ = {isa = PBXBuildFile; fileRef = 1B4BA4E924BA30B100E99239 /* SceneDelegate.swift */; };
		1B4BA4EC24BA30B100E99239 /* ViewController.swift in Sources */ = {isa = PBXBuildFile; fileRef = 1B4BA4EB24BA30B100E99239 /* ViewController.swift */; };
		1B4BA4EF24BA30B100E99239 /* Main.storyboard in Resources */ = {isa = PBXBuildFile; fileRef = 1B4BA4ED24BA30B100E99239 /* Main.storyboard */; };
		1B4BA4F124BA30B200E99239 /* Assets.xcassets in Resources */ = {isa = PBXBuildFile; fileRef = 1B4BA4F024BA30B200E99239 /* Assets.xcassets */; };
		1B4BA4F424BA30B200E99239 /* LaunchScreen.storyboard in Resources */ = {isa = PBXBuildFile; fileRef = 1B4BA4F224BA30B200E99239 /* LaunchScreen.storyboard */; };
/* End PBXBuildFile section */

/* Begin PBXFileReference section */
		1B4BA4E424BA30B100E99239 /* XCFrameworkCocoapodsDemo.app */ = {isa = PBXFileReference; explicitFileType = wrapper.application; includeInIndex = 0; path = XCFrameworkCocoapodsDemo.app; sourceTree = BUILT_PRODUCTS_DIR; };
		1B4BA4E724BA30B100E99239 /* AppDelegate.swift */ = {isa = PBXFileReference; lastKnownFileType = sourcecode.swift; path = AppDelegate.swift; sourceTree = "<group>"; };
		1B4BA4E924BA30B100E99239 /* SceneDelegate.swift */ = {isa = PBXFileReference; lastKnownFileType = sourcecode.swift; path = SceneDelegate.swift; sourceTree = "<group>"; };
		1B4BA4EB24BA30B100E99239 /* ViewController.swift */ = {isa = PBXFileReference; lastKnownFileType = sourcecode.swift; path = ViewController.swift; sourceTree = "<group>"; };
		1B4BA4EE24BA30B100E99239 /* Base */ = {isa = PBXFileReference; lastKnownFileType = file.storyboard; name = Base; path = Base.lproj/Main.storyboard; sourceTree = "<group>"; };
		1B4BA4F024BA30B200E99239 /* Assets.xcassets */ = {isa = PBXFileReference; lastKnownFileType = folder.assetcatalog; path = Assets.xcassets; sourceTree = "<group>"; };
		1B4BA4F324BA30B200E99239 /* Base */ = {isa = PBXFileReference; lastKnownFileType = file.storyboard; name = Base; path = Base.lproj/LaunchScreen.storyboard; sourceTree = "<group>"; };
		1B4BA4F524BA30B200E99239 /* Info.plist */ = {isa = PBXFileReference; lastKnownFileType = text.plist.xml; path = Info.plist; sourceTree = "<group>"; };
/* End PBXFileReference section */

/* Begin PBXFrameworksBuildPhase section */
		1B4BA4E124BA30B100E99239 /* Frameworks */ = {
			isa = PBXFrameworksBuildPhase;
			buildActionMask = 2147483647;
			files = (
			);
			runOnlyForDeploymentPostprocessing = 0;
		};
/* End PBXFrameworksBuildPhase section */

/* Begin PBXGroup section */
		1B4BA4DB24BA30B100E99239 = {
			isa = PBXGroup;
			children = (
				1B4BA4E624BA30B100E99239 /* XCFrameworkCocoapodsDemo */,
				1B4BA4E524BA30B100E99239 /* Products */,
			);
			sourceTree = "<group>";
		};
		1B4BA4E524BA30B100E99239 /* Products */ = {
			isa = PBXGroup;
			children = (
				1B4BA4E424BA30B100E99239 /* XCFrameworkCocoapodsDemo.app */,
			);
			name = Products;
			sourceTree = "<group>";
		};
		1B4BA4E624BA30B100E99239 /* XCFrameworkCocoapodsDemo */ = {
			isa = PBXGroup;
			children = (
				1B4BA4E724BA30B100E99239 /* AppDelegate.swift */,
				1B4BA4E924BA30B100E99239 /* SceneDelegate.swift */,
				1B4BA4EB24BA30B100E99239 /* ViewController.swift */,
				1B4BA4ED24BA30B100E99239 /* Main.storyboard */,
				1B4BA4F024BA30B200E99239 /* Assets.xcassets */,
				1B4BA4F224BA30B200E99239 /* LaunchScreen.storyboard */,
				1B4BA4F524BA30B200E99239 /* Info.plist */,
			);
			path = XCFrameworkCocoapodsDemo;
			sourceTree = "<group>";
		};
/* End PBXGroup section */

/* Begin PBXNativeTarget section */
		1B4BA4E324BA30B100E99239 /* XCFrameworkCocoapodsDemo */ = {
			isa = PBXNativeTarget;
			buildConfigurationList = 1B4BA4F824BA30B200E99239 /* Build configuration list for PBXNativeTarget "XCFrameworkCocoapodsDemo" */;
			buildPhases = (
				1B4BA4E024BA30B100E99239 /* Sources */,
				1B4BA4E124BA30B100E99239 /* Frameworks */,
				1B4BA4E224BA30B100E99239 /* Resources */,
			);
			buildRules = (
			);
			dependencies = (
			);
			name = XCFrameworkCocoapodsDemo;
			productName = XCFrameworkCocoapodsDemo;
			productReference = 1B4BA4E424BA30B100E99239 /* XCFrameworkCocoapodsDemo.app */;
			productType = "com.apple.product-type.application";
		};
/* End PBXNativeTarget section */

/* Begin PBXProject section */
		1B4BA4DC24BA30B100E99239 /* Project object */ = {
			isa = PBXProject;
			attributes = {
				LastSwiftUpdateCheck = 1150;
				LastUpgradeCheck = 1150;
				ORGANIZATIONNAME = "Anurag Ajwani";
				TargetAttributes = {
					1B4BA4E324BA30B100E99239 = {
						CreatedOnToolsVersion = 11.5;
					};
				};
			};
			buildConfigurationList = 1B4BA4DF24BA30B100E99239 /* Build configuration list for PBXProject "XCFrameworkCocoapodsDemo" */;
			compatibilityVersion = "Xcode 9.3";
			developmentRegion = en;
			hasScannedForEncodings = 0;
			knownRegions = (
				en,
				Base,
			);
			mainGroup = 1B4BA4DB24BA30B100E99239;
			productRefGroup = 1B4BA4E524BA30B100E99239 /* Products */;
			projectDirPath = "";
			projectRoot = "";
			targets = (
				1B4BA4E324BA30B100E99239 /* XCFrameworkCocoapodsDemo */,
			);
		};
/* End PBXProject section */

/* Begin PBXResourcesBuildPhase section */
		1B4BA4E224BA30B100E99239 /* Resources */ = {
			isa = PBXResourcesBuildPhase;
			buildActionMask = 2147483647;
			files = (
				1B4BA4F424BA30B200E99239 /* LaunchScreen.storyboard in Resources */,
				1B4BA4F124BA30B200E99239 /* Assets.xcassets in Resources */,
				1B4BA4EF24BA30B100E99239 /* Main.storyboard in Resources */,
			);
			runOnlyForDeploymentPostprocessing = 0;
		};
/* End PBXResourcesBuildPhase section */

/* Begin PBXSourcesBuildPhase section */
		1B4BA4E024BA30B100E99239 /* Sources */ = {
			isa = PBXSourcesBuildPhase;
			buildActionMask = 2147483647;
			files = (
				1B4BA4EC24BA30B100E99239 /* ViewController.swift in Sources */,
				1B4BA4E824BA30B100E99239 /* AppDelegate.swift in Sources */,
				1B4BA4EA24BA30B100E99239 /* SceneDelegate.swift in Sources */,
			);
			runOnlyForDeploymentPostprocessing = 0;
		};
/* End PBXSourcesBuildPhase section */

/* Begin PBXVariantGroup section */
		1B4BA4ED24BA30B100E99239 /* Main.storyboard */ = {
			isa = PBXVariantGroup;
			children = (
				1B4BA4EE24BA30B100E99239 /* Base */,
			);
			name = Main.storyboard;
			sourceTree = "<group>";
		};
		1B4BA4F224BA30B200E99239 /* LaunchScreen.storyboard */ = {
			isa = PBXVariantGroup;
			children = (
				1B4BA4F324BA30B200E99239 /* Base */,
			);
			name = LaunchScreen.storyboard;
			sourceTree = "<group>";
		};
/* End PBXVariantGroup section */

/* Begin XCBuildConfiguration section */
		1B4BA4F624BA30B200E99239 /* Debug */ = {
			isa = XCBuildConfiguration;
			buildSettings = {
				ALWAYS_SEARCH_USER_PATHS = NO;
				CLANG_ANALYZER_NONNULL = YES;
				CLANG_ANALYZER_NUMBER_OBJECT_CONVERSION = YES_AGGRESSIVE;
				CLANG_CXX_LANGUAGE_STANDARD = "gnu++14";
				CLANG_CXX_LIBRARY = "libc++";
				CLANG_ENABLE_MODULES = YES;
				CLANG_ENABLE_OBJC_ARC = YES;
				CLANG_ENABLE_OBJC_WEAK = YES;
				CLANG_WARN_BLOCK_CAPTURE_AUTORELEASING = YES;
				CLANG_WARN_BOOL_CONVERSION = YES;
				CLANG_WARN_COMMA = YES;
				CLANG_WARN_CONSTANT_CONVERSION = YES;
				CLANG_WARN_DEPRECATED_OBJC_IMPLEMENTATIONS = YES;
				CLANG_WARN_DIRECT_OBJC_ISA_USAGE = YES_ERROR;
				CLANG_WARN_DOCUMENTATION_COMMENTS = YES;
				CLANG_WARN_EMPTY_BODY = YES;
				CLANG_WARN_ENUM_CONVERSION = YES;
				CLANG_WARN_INFINITE_RECURSION = YES;
				CLANG_WARN_INT_CONVERSION = YES;
				CLANG_WARN_NON_LITERAL_NULL_CONVERSION = YES;
				CLANG_WARN_OBJC_IMPLICIT_RETAIN_SELF = YES;
				CLANG_WARN_OBJC_LITERAL_CONVERSION = YES;
				CLANG_WARN_OBJC_ROOT_CLASS = YES_ERROR;
				CLANG_WARN_RANGE_LOOP_ANALYSIS = YES;
				CLANG_WARN_STRICT_PROTOTYPES = YES;
				CLANG_WARN_SUSPICIOUS_MOVE = YES;
				CLANG_WARN_UNGUARDED_AVAILABILITY = YES_AGGRESSIVE;
				CLANG_WARN_UNREACHABLE_CODE = YES;
				CLANG_WARN__DUPLICATE_METHOD_MATCH = YES;
				COPY_PHASE_STRIP = NO;
				DEBUG_INFORMATION_FORMAT = dwarf;
				ENABLE_STRICT_OBJC_MSGSEND = YES;
				ENABLE_TESTABILITY = YES;
				GCC_C_LANGUAGE_STANDARD = gnu11;
				GCC_DYNAMIC_NO_PIC = NO;
				GCC_NO_COMMON_BLOCKS = YES;
				GCC_OPTIMIZATION_LEVEL = 0;
				GCC_PREPROCESSOR_DEFINITIONS = (
					"DEBUG=1",
					"$(inherited)",
				);
				GCC_WARN_64_TO_32_BIT_CONVERSION = YES;
				GCC_WARN_ABOUT_RETURN_TYPE = YES_ERROR;
				GCC_WARN_UNDECLARED_SELECTOR = YES;
				GCC_WARN_UNINITIALIZED_AUTOS = YES_AGGRESSIVE;
				GCC_WARN_UNUSED_FUNCTION = YES;
				GCC_WARN_UNUSED_VARIABLE = YES;
				IPHONEOS_DEPLOYMENT_TARGET = 13.5;
				MTL_ENABLE_DEBUG_INFO = INCLUDE_SOURCE;
				MTL_FAST_MATH = YES;
				ONLY_ACTIVE_ARCH = YES;
				SDKROOT = iphoneos;
				SWIFT_ACTIVE_COMPILATION_CONDITIONS = DEBUG;
				SWIFT_OPTIMIZATION_LEVEL = "-Onone";
			};
			name = Debug;
		};
		1B4BA4F724BA30B200E99239 /* Release */ = {
			isa = XCBuildConfiguration;
			buildSettings = {
				ALWAYS_SEARCH_USER_PATHS = NO;
				CLANG_ANALYZER_NONNULL = YES;
				CLANG_ANALYZER_NUMBER_OBJECT_CONVERSION = YES_AGGRESSIVE;
				CLANG_CXX_LANGUAGE_STANDARD = "gnu++14";
				CLANG_CXX_LIBRARY = "libc++";
				CLANG_ENABLE_MODULES = YES;
				CLANG_ENABLE_OBJC_ARC = YES;
				CLANG_ENABLE_OBJC_WEAK = YES;
				CLANG_WARN_BLOCK_CAPTURE_AUTORELEASING = YES;
				CLANG_WARN_BOOL_CONVERSION = YES;
				CLANG_WARN_COMMA = YES;
				CLANG_WARN_CONSTANT_CONVERSION = YES;
				CLANG_WARN_DEPRECATED_OBJC_IMPLEMENTATIONS = YES;
				CLANG_WARN_DIRECT_OBJC_ISA_USAGE = YES_ERROR;
				CLANG_WARN_DOCUMENTATION_COMMENTS = YES;
				CLANG_WARN_EMPTY_BODY = YES;
				CLANG_WARN_ENUM_CONVERSION = YES;
				CLANG_WARN_INFINITE_RECURSION = YES;
				CLANG_WARN_INT_CONVERSION = YES;
				CLANG_WARN_NON_LITERAL_NULL_CONVERSION = YES;
				CLANG_WARN_OBJC_IMPLICIT_RETAIN_SELF = YES;
				CLANG_WARN_OBJC_LITERAL_CONVERSION = YES;
				CLANG_WARN_OBJC_ROOT_CLASS = YES_ERROR;
				CLANG_WARN_RANGE_LOOP_ANALYSIS = YES;
				CLANG_WARN_STRICT_PROTOTYPES = YES;
				CLANG_WARN_SUSPICIOUS_MOVE = YES;
				CLANG_WARN_UNGUARDED_AVAILABILITY = YES_AGGRESSIVE;
				CLANG_WARN_UNREACHABLE_CODE = YES;
				CLANG_WARN__DUPLICATE_METHOD_MATCH = YES;
				COPY_PHASE_STRIP = NO;
				DEBUG_INFORMATION_FORMAT = "dwarf-with-dsym";
				ENABLE_NS_ASSERTIONS = NO;
				ENABLE_STRICT_OBJC_MSGSEND = YES;
				GCC_C_LANGUAGE_STANDARD = gnu11;
				GCC_NO_COMMON_BLOCKS = YES;
				GCC_WARN_64_TO_32_BIT_CONVERSION = YES;
				GCC_WARN_ABOUT_RETURN_TYPE = YES_ERROR;
				GCC_WARN_UNDECLARED_SELECTOR = YES;
				GCC_WARN_UNINITIALIZED_AUTOS = YES_AGGRESSIVE;
				GCC_WARN_UNUSED_FUNCTION = YES;
				GCC_WARN_UNUSED_VARIABLE = YES;
				IPHONEOS_DEPLOYMENT_TARGET = 13.5;
				MTL_ENABLE_DEBUG_INFO = NO;
				MTL_FAST_MATH = YES;
				SDKROOT = iphoneos;
				SWIFT_COMPILATION_MODE = wholemodule;
				SWIFT_OPTIMIZATION_LEVEL = "-O";
				VALIDATE_PRODUCT = YES;
			};
			name = Release;
		};
		1B4BA4F924BA30B200E99239 /* Debug */ = {
			isa = XCBuildConfiguration;
			buildSettings = {
				ASSETCATALOG_COMPILER_APPICON_NAME = AppIcon;
				CODE_SIGN_STYLE = Automatic;
				DEVELOPMENT_TEAM = 44H9U6N2S5;
				INFOPLIST_FILE = XCFrameworkCocoapodsDemo/Info.plist;
				LD_RUNPATH_SEARCH_PATHS = (
					"$(inherited)",
					"@executable_path/Frameworks",
				);
				PRODUCT_BUNDLE_IDENTIFIER = com.anuragajwani.XCFrameworkCocoapodsDemo;
				PRODUCT_NAME = "$(TARGET_NAME)";
				SWIFT_VERSION = 5.0;
				TARGETED_DEVICE_FAMILY = "1,2";
			};
			name = Debug;
		};
		1B4BA4FA24BA30B200E99239 /* Release */ = {
			isa = XCBuildConfiguration;
			buildSettings = {
				ASSETCATALOG_COMPILER_APPICON_NAME = AppIcon;
				CODE_SIGN_STYLE = Automatic;
				DEVELOPMENT_TEAM = 44H9U6N2S5;
				INFOPLIST_FILE = XCFrameworkCocoapodsDemo/Info.plist;
				LD_RUNPATH_SEARCH_PATHS = (
					"$(inherited)",
					"@executable_path/Frameworks",
				);
				PRODUCT_BUNDLE_IDENTIFIER = com.anuragajwani.XCFrameworkCocoapodsDemo;
				PRODUCT_NAME = "$(TARGET_NAME)";
				SWIFT_VERSION = 5.0;
				TARGETED_DEVICE_FAMILY = "1,2";
			};
			name = Release;
		};
/* End XCBuildConfiguration section */

/* Begin XCConfigurationList section */
		1B4BA4DF24BA30B100E99239 /* Build configuration list for PBXProject "XCFrameworkCocoapodsDemo" */ = {
			isa = XCConfigurationList;
			buildConfigurations = (
				1B4BA4F624BA30B200E99239 /* Debug */,
				1B4BA4F724BA30B200E99239 /* Release */,
			);
			defaultConfigurationIsVisible = 0;
			defaultConfigurationName = Release;
		};
		1B4BA4F824BA30B200E99239 /* Build configuration list for PBXNativeTarget "XCFrameworkCocoapodsDemo" */ = {
			isa = XCConfigurationList;
			buildConfigurations = (
				1B4BA4F924BA30B200E99239 /* Debug */,
				1B4BA4FA24BA30B200E99239 /* Release */,
			);
			defaultConfigurationIsVisible = 0;
			defaultConfigurationName = Release;
		};
/* End XCConfigurationList section */
	};
	rootObject = 1B4BA4DC24BA30B100E99239 /* Project object */;
}
